<Solution>
  <Folder Name="/src/">
    <Project Path="src/ArticleService/ArticleService.csproj" />
    <Project Path="src/CommentService/CommentService.csproj" />
    <Project Path="src/DraftService/DraftService.csproj" />
    <Project Path="src/ProfanityService/ProfanityService.csproj" />
  </Folder>
  <Folder Name="/src/Shared/">
    <Project Path="src/Shared/HappyHeadlines.Shared/HappyHeadlines.Shared.csproj" />
  </Folder>
</Solution>
